// !$*UTF8*$!
{
	archiveVersion = 1;
	classes = {
	};
	objectVersion = 56;
	objects = {

/* Begin PBXBuildFile section */
		D23602A42BAFBB5200D082F6 /* AdminBaoCaoAppApp.swift in Sources */ = {isa = PBXBuildFile; fileRef = D23602A32BAFBB5200D082F6 /* AdminBaoCaoAppApp.swift */; };
		D23602AA2BAFBB5400D082F6 /* Assets.xcassets in Resources */ = {isa = PBXBuildFile; fileRef = D23602A92BAFBB5400D082F6 /* Assets.xcassets */; };
		D23602AD2BAFBB5400D082F6 /* Preview Assets.xcassets in Resources */ = {isa = PBXBuildFile; fileRef = D23602AC2BAFBB5400D082F6 /* Preview Assets.xcassets */; };
		D23602B72BAFBB5500D082F6 /* AdminBaoCaoAppTests.swift in Sources */ = {isa = PBXBuildFile; fileRef = D23602B62BAFBB5500D082F6 /* AdminBaoCaoAppTests.swift */; };
		D23602C12BAFBB5500D082F6 /* AdminBaoCaoAppUITests.swift in Sources */ = {isa = PBXBuildFile; fileRef = D23602C02BAFBB5500D082F6 /* AdminBaoCaoAppUITests.swift */; };
		D23602C32BAFBB5500D082F6 /* AdminBaoCaoAppUITestsLaunchTests.swift in Sources */ = {isa = PBXBuildFile; fileRef = D23602C22BAFBB5500D082F6 /* AdminBaoCaoAppUITestsLaunchTests.swift */; };
		D2C944312BB0FDB200E1636D /* ItemModel.swift in Sources */ = {isa = PBXBuildFile; fileRef = D2C944302BB0FDB200E1636D /* ItemModel.swift */; };
		D2C944332BB0FEC700E1636D /* ColorOption.swift in Sources */ = {isa = PBXBuildFile; fileRef = D2C944322BB0FEC700E1636D /* ColorOption.swift */; };
		D2C944352BB1009E00E1636D /* ItemData.swift in Sources */ = {isa = PBXBuildFile; fileRef = D2C944342BB1009E00E1636D /* ItemData.swift */; };
		D2C944372BB1019E00E1636D /* TabBarCustomView.swift in Sources */ = {isa = PBXBuildFile; fileRef = D2C944362BB1019E00E1636D /* TabBarCustomView.swift */; };
		D2C9443A2BB101D500E1636D /* ItemRow.swift in Sources */ = {isa = PBXBuildFile; fileRef = D2C944392BB101D500E1636D /* ItemRow.swift */; };
		D2C9443C2BB1049F00E1636D /* ItemList.swift in Sources */ = {isa = PBXBuildFile; fileRef = D2C9443B2BB1049F00E1636D /* ItemList.swift */; };
		D2C9443E2BB105BC00E1636D /* ItemEditor.swift in Sources */ = {isa = PBXBuildFile; fileRef = D2C9443D2BB105BC00E1636D /* ItemEditor.swift */; };
		D2C944412BB11FB800E1636D /* ChartView.swift in Sources */ = {isa = PBXBuildFile; fileRef = D2C944402BB11FB800E1636D /* ChartView.swift */; };
		D2C944462BB1282B00E1636D /* PieChartView.swift in Sources */ = {isa = PBXBuildFile; fileRef = D2C944452BB1282B00E1636D /* PieChartView.swift */; };
		D2C944482BB1338D00E1636D /* BarChartView.swift in Sources */ = {isa = PBXBuildFile; fileRef = D2C944472BB1338D00E1636D /* BarChartView.swift */; };
		D2C9444A2BB1344C00E1636D /* LinearChartView.swift in Sources */ = {isa = PBXBuildFile; fileRef = D2C944492BB1344C00E1636D /* LinearChartView.swift */; };
/* End PBXBuildFile section */

/* Begin PBXContainerItemProxy section */
		D23602B32BAFBB5500D082F6 /* PBXContainerItemProxy */ = {
			isa = PBXContainerItemProxy;
			containerPortal = D23602982BAFBB5200D082F6 /* Project object */;
			proxyType = 1;
			remoteGlobalIDString = D236029F2BAFBB5200D082F6;
			remoteInfo = AdminBaoCaoApp;
		};
		D23602BD2BAFBB5500D082F6 /* PBXContainerItemProxy */ = {
			isa = PBXContainerItemProxy;
			containerPortal = D23602982BAFBB5200D082F6 /* Project object */;
			proxyType = 1;
			remoteGlobalIDString = D236029F2BAFBB5200D082F6;
			remoteInfo = AdminBaoCaoApp;
		};
/* End PBXContainerItemProxy section */

/* Begin PBXFileReference section */
		D23602A02BAFBB5200D082F6 /* AdminBaoCaoApp.app */ = {isa = PBXFileReference; explicitFileType = wrapper.application; includeInIndex = 0; path = AdminBaoCaoApp.app; sourceTree = BUILT_PRODUCTS_DIR; };
		D23602A32BAFBB5200D082F6 /* AdminBaoCaoAppApp.swift */ = {isa = PBXFileReference; lastKnownFileType = sourcecode.swift; path = AdminBaoCaoAppApp.swift; sourceTree = "<group>"; };
		D23602A92BAFBB5400D082F6 /* Assets.xcassets */ = {isa = PBXFileReference; lastKnownFileType = folder.assetcatalog; path = Assets.xcassets; sourceTree = "<group>"; };
		D23602AC2BAFBB5400D082F6 /* Preview Assets.xcassets */ = {isa = PBXFileReference; lastKnownFileType = folder.assetcatalog; path = "Preview Assets.xcassets"; sourceTree = "<group>"; };
		D23602B22BAFBB5500D082F6 /* AdminBaoCaoAppTests.xctest */ = {isa = PBXFileReference; explicitFileType = wrapper.cfbundle; includeInIndex = 0; path = AdminBaoCaoAppTests.xctest; sourceTree = BUILT_PRODUCTS_DIR; };
		D23602B62BAFBB5500D082F6 /* AdminBaoCaoAppTests.swift */ = {isa = PBXFileReference; lastKnownFileType = sourcecode.swift; path = AdminBaoCaoAppTests.swift; sourceTree = "<group>"; };
		D23602BC2BAFBB5500D082F6 /* AdminBaoCaoAppUITests.xctest */ = {isa = PBXFileReference; explicitFileType = wrapper.cfbundle; includeInIndex = 0; path = AdminBaoCaoAppUITests.xctest; sourceTree = BUILT_PRODUCTS_DIR; };
		D23602C02BAFBB5500D082F6 /* AdminBaoCaoAppUITests.swift */ = {isa = PBXFileReference; lastKnownFileType = sourcecode.swift; path = AdminBaoCaoAppUITests.swift; sourceTree = "<group>"; };
		D23602C22BAFBB5500D082F6 /* AdminBaoCaoAppUITestsLaunchTests.swift */ = {isa = PBXFileReference; lastKnownFileType = sourcecode.swift; path = AdminBaoCaoAppUITestsLaunchTests.swift; sourceTree = "<group>"; };
		D2C944302BB0FDB200E1636D /* ItemModel.swift */ = {isa = PBXFileReference; lastKnownFileType = sourcecode.swift; path = ItemModel.swift; sourceTree = "<group>"; };
		D2C944322BB0FEC700E1636D /* ColorOption.swift */ = {isa = PBXFileReference; lastKnownFileType = sourcecode.swift; path = ColorOption.swift; sourceTree = "<group>"; };
		D2C944342BB1009E00E1636D /* ItemData.swift */ = {isa = PBXFileReference; lastKnownFileType = sourcecode.swift; path = ItemData.swift; sourceTree = "<group>"; };
		D2C944362BB1019E00E1636D /* TabBarCustomView.swift */ = {isa = PBXFileReference; lastKnownFileType = sourcecode.swift; path = TabBarCustomView.swift; sourceTree = "<group>"; };
		D2C944392BB101D500E1636D /* ItemRow.swift */ = {isa = PBXFileReference; lastKnownFileType = sourcecode.swift; path = ItemRow.swift; sourceTree = "<group>"; };
		D2C9443B2BB1049F00E1636D /* ItemList.swift */ = {isa = PBXFileReference; lastKnownFileType = sourcecode.swift; path = ItemList.swift; sourceTree = "<group>"; };
		D2C9443D2BB105BC00E1636D /* ItemEditor.swift */ = {isa = PBXFileReference; lastKnownFileType = sourcecode.swift; path = ItemEditor.swift; sourceTree = "<group>"; };
		D2C944402BB11FB800E1636D /* ChartView.swift */ = {isa = PBXFileReference; lastKnownFileType = sourcecode.swift; path = ChartView.swift; sourceTree = "<group>"; };
		D2C944452BB1282B00E1636D /* PieChartView.swift */ = {isa = PBXFileReference; lastKnownFileType = sourcecode.swift; path = PieChartView.swift; sourceTree = "<group>"; };
		D2C944472BB1338D00E1636D /* BarChartView.swift */ = {isa = PBXFileReference; lastKnownFileType = sourcecode.swift; path = BarChartView.swift; sourceTree = "<group>"; };
		D2C944492BB1344C00E1636D /* LinearChartView.swift */ = {isa = PBXFileReference; lastKnownFileType = sourcecode.swift; path = LinearChartView.swift; sourceTree = "<group>"; };
/* End PBXFileReference section */

/* Begin PBXFrameworksBuildPhase section */
		D236029D2BAFBB5200D082F6 /* Frameworks */ = {
			isa = PBXFrameworksBuildPhase;
			buildActionMask = 2147483647;
			files = (
			);
			runOnlyForDeploymentPostprocessing = 0;
		};
		D23602AF2BAFBB5500D082F6 /* Frameworks */ = {
			isa = PBXFrameworksBuildPhase;
			buildActionMask = 2147483647;
			files = (
			);
			runOnlyForDeploymentPostprocessing = 0;
		};
		D23602B92BAFBB5500D082F6 /* Frameworks */ = {
			isa = PBXFrameworksBuildPhase;
			buildActionMask = 2147483647;
			files = (
			);
			runOnlyForDeploymentPostprocessing = 0;
		};
/* End PBXFrameworksBuildPhase section */

/* Begin PBXGroup section */
		D23602972BAFBB5200D082F6 = {
			isa = PBXGroup;
			children = (
				D23602A22BAFBB5200D082F6 /* AdminBaoCaoApp */,
				D23602B52BAFBB5500D082F6 /* AdminBaoCaoAppTests */,
				D23602BF2BAFBB5500D082F6 /* AdminBaoCaoAppUITests */,
				D23602A12BAFBB5200D082F6 /* Products */,
			);
			sourceTree = "<group>";
		};
		D23602A12BAFBB5200D082F6 /* Products */ = {
			isa = PBXGroup;
			children = (
				D23602A02BAFBB5200D082F6 /* AdminBaoCaoApp.app */,
				D23602B22BAFBB5500D082F6 /* AdminBaoCaoAppTests.xctest */,
				D23602BC2BAFBB5500D082F6 /* AdminBaoCaoAppUITests.xctest */,
			);
			name = Products;
			sourceTree = "<group>";
		};
		D23602A22BAFBB5200D082F6 /* AdminBaoCaoApp */ = {
			isa = PBXGroup;
			children = (
				D2C9442F2BB0FD9300E1636D /* Models */,
				D2C9442C2BB0FD7200E1636D /* Common */,
				D2C9442B2BB0FD6C00E1636D /* UI */,
				D2C9442A2BB0FD6100E1636D /* Components */,
				D23602A32BAFBB5200D082F6 /* AdminBaoCaoAppApp.swift */,
				D23602AB2BAFBB5400D082F6 /* Preview Content */,
			);
			path = AdminBaoCaoApp;
			sourceTree = "<group>";
		};
		D23602AB2BAFBB5400D082F6 /* Preview Content */ = {
			isa = PBXGroup;
			children = (
				D23602AC2BAFBB5400D082F6 /* Preview Assets.xcassets */,
			);
			path = "Preview Content";
			sourceTree = "<group>";
		};
		D23602B52BAFBB5500D082F6 /* AdminBaoCaoAppTests */ = {
			isa = PBXGroup;
			children = (
				D23602B62BAFBB5500D082F6 /* AdminBaoCaoAppTests.swift */,
			);
			path = AdminBaoCaoAppTests;
			sourceTree = "<group>";
		};
		D23602BF2BAFBB5500D082F6 /* AdminBaoCaoAppUITests */ = {
			isa = PBXGroup;
			children = (
				D23602C02BAFBB5500D082F6 /* AdminBaoCaoAppUITests.swift */,
				D23602C22BAFBB5500D082F6 /* AdminBaoCaoAppUITestsLaunchTests.swift */,
			);
			path = AdminBaoCaoAppUITests;
			sourceTree = "<group>";
		};
		D2C9442A2BB0FD6100E1636D /* Components */ = {
			isa = PBXGroup;
			children = (
				D2C9443F2BB11FAA00E1636D /* Chart */,
				D2C944382BB101C100E1636D /* Item */,
				D2C9442E2BB0FD8A00E1636D /* Home */,
			);
			path = Components;
			sourceTree = "<group>";
		};
		D2C9442B2BB0FD6C00E1636D /* UI */ = {
			isa = PBXGroup;
			children = (
				D2C944322BB0FEC700E1636D /* ColorOption.swift */,
			);
			path = UI;
			sourceTree = "<group>";
		};
		D2C9442C2BB0FD7200E1636D /* Common */ = {
			isa = PBXGroup;
			children = (
				D2C9442D2BB0FD7A00E1636D /* Resources */,
			);
			path = Common;
			sourceTree = "<group>";
		};
		D2C9442D2BB0FD7A00E1636D /* Resources */ = {
			isa = PBXGroup;
			children = (
				D23602A92BAFBB5400D082F6 /* Assets.xcassets */,
			);
			path = Resources;
			sourceTree = "<group>";
		};
		D2C9442E2BB0FD8A00E1636D /* Home */ = {
			isa = PBXGroup;
			children = (
				D2C944362BB1019E00E1636D /* TabBarCustomView.swift */,
			);
			path = Home;
			sourceTree = "<group>";
		};
		D2C9442F2BB0FD9300E1636D /* Models */ = {
			isa = PBXGroup;
			children = (
				D2C944302BB0FDB200E1636D /* ItemModel.swift */,
				D2C944342BB1009E00E1636D /* ItemData.swift */,
			);
			path = Models;
			sourceTree = "<group>";
		};
		D2C944382BB101C100E1636D /* Item */ = {
			isa = PBXGroup;
			children = (
				D2C944392BB101D500E1636D /* ItemRow.swift */,
				D2C9443B2BB1049F00E1636D /* ItemList.swift */,
				D2C9443D2BB105BC00E1636D /* ItemEditor.swift */,
			);
			path = Item;
			sourceTree = "<group>";
		};
		D2C9443F2BB11FAA00E1636D /* Chart */ = {
			isa = PBXGroup;
			children = (
				D2C944402BB11FB800E1636D /* ChartView.swift */,
				D2C944452BB1282B00E1636D /* PieChartView.swift */,
				D2C944472BB1338D00E1636D /* BarChartView.swift */,
				D2C944492BB1344C00E1636D /* LinearChartView.swift */,
			);
			path = Chart;
			sourceTree = "<group>";
		};
/* End PBXGroup section */

/* Begin PBXNativeTarget section */
		D236029F2BAFBB5200D082F6 /* AdminBaoCaoApp */ = {
			isa = PBXNativeTarget;
			buildConfigurationList = D23602C62BAFBB5500D082F6 /* Build configuration list for PBXNativeTarget "AdminBaoCaoApp" */;
			buildPhases = (
				D236029C2BAFBB5200D082F6 /* Sources */,
				D236029D2BAFBB5200D082F6 /* Frameworks */,
				D236029E2BAFBB5200D082F6 /* Resources */,
			);
			buildRules = (
			);
			dependencies = (
			);
			name = AdminBaoCaoApp;
			productName = AdminBaoCaoApp;
			productReference = D23602A02BAFBB5200D082F6 /* AdminBaoCaoApp.app */;
			productType = "com.apple.product-type.application";
		};
		D23602B12BAFBB5500D082F6 /* AdminBaoCaoAppTests */ = {
			isa = PBXNativeTarget;
			buildConfigurationList = D23602C92BAFBB5500D082F6 /* Build configuration list for PBXNativeTarget "AdminBaoCaoAppTests" */;
			buildPhases = (
				D23602AE2BAFBB5500D082F6 /* Sources */,
				D23602AF2BAFBB5500D082F6 /* Frameworks */,
				D23602B02BAFBB5500D082F6 /* Resources */,
			);
			buildRules = (
			);
			dependencies = (
				D23602B42BAFBB5500D082F6 /* PBXTargetDependency */,
			);
			name = AdminBaoCaoAppTests;
			productName = AdminBaoCaoAppTests;
			productReference = D23602B22BAFBB5500D082F6 /* AdminBaoCaoAppTests.xctest */;
			productType = "com.apple.product-type.bundle.unit-test";
		};
		D23602BB2BAFBB5500D082F6 /* AdminBaoCaoAppUITests */ = {
			isa = PBXNativeTarget;
			buildConfigurationList = D23602CC2BAFBB5500D082F6 /* Build configuration list for PBXNativeTarget "AdminBaoCaoAppUITests" */;
			buildPhases = (
				D23602B82BAFBB5500D082F6 /* Sources */,
				D23602B92BAFBB5500D082F6 /* Frameworks */,
				D23602BA2BAFBB5500D082F6 /* Resources */,
			);
			buildRules = (
			);
			dependencies = (
				D23602BE2BAFBB5500D082F6 /* PBXTargetDependency */,
			);
			name = AdminBaoCaoAppUITests;
			productName = AdminBaoCaoAppUITests;
			productReference = D23602BC2BAFBB5500D082F6 /* AdminBaoCaoAppUITests.xctest */;
			productType = "com.apple.product-type.bundle.ui-testing";
		};
/* End PBXNativeTarget section */

/* Begin PBXProject section */
		D23602982BAFBB5200D082F6 /* Project object */ = {
			isa = PBXProject;
			attributes = {
				BuildIndependentTargetsInParallel = 1;
				LastSwiftUpdateCheck = 1530;
				LastUpgradeCheck = 1530;
				TargetAttributes = {
					D236029F2BAFBB5200D082F6 = {
						CreatedOnToolsVersion = 15.3;
					};
					D23602B12BAFBB5500D082F6 = {
						CreatedOnToolsVersion = 15.3;
						TestTargetID = D236029F2BAFBB5200D082F6;
					};
					D23602BB2BAFBB5500D082F6 = {
						CreatedOnToolsVersion = 15.3;
						TestTargetID = D236029F2BAFBB5200D082F6;
					};
				};
			};
			buildConfigurationList = D236029B2BAFBB5200D082F6 /* Build configuration list for PBXProject "AdminBaoCaoApp" */;
			compatibilityVersion = "Xcode 14.0";
			developmentRegion = en;
			hasScannedForEncodings = 0;
			knownRegions = (
				en,
				Base,
			);
			mainGroup = D23602972BAFBB5200D082F6;
			productRefGroup = D23602A12BAFBB5200D082F6 /* Products */;
			projectDirPath = "";
			projectRoot = "";
			targets = (
				D236029F2BAFBB5200D082F6 /* AdminBaoCaoApp */,
				D23602B12BAFBB5500D082F6 /* AdminBaoCaoAppTests */,
				D23602BB2BAFBB5500D082F6 /* AdminBaoCaoAppUITests */,
			);
		};
/* End PBXProject section */

/* Begin PBXResourcesBuildPhase section */
		D236029E2BAFBB5200D082F6 /* Resources */ = {
			isa = PBXResourcesBuildPhase;
			buildActionMask = 2147483647;
			files = (
				D23602AD2BAFBB5400D082F6 /* Preview Assets.xcassets in Resources */,
				D23602AA2BAFBB5400D082F6 /* Assets.xcassets in Resources */,
			);
			runOnlyForDeploymentPostprocessing = 0;
		};
		D23602B02BAFBB5500D082F6 /* Resources */ = {
			isa = PBXResourcesBuildPhase;
			buildActionMask = 2147483647;
			files = (
			);
			runOnlyForDeploymentPostprocessing = 0;
		};
		D23602BA2BAFBB5500D082F6 /* Resources */ = {
			isa = PBXResourcesBuildPhase;
			buildActionMask = 2147483647;
			files = (
			);
			runOnlyForDeploymentPostprocessing = 0;
		};
/* End PBXResourcesBuildPhase section */

/* Begin PBXSourcesBuildPhase section */
		D236029C2BAFBB5200D082F6 /* Sources */ = {
			isa = PBXSourcesBuildPhase;
			buildActionMask = 2147483647;
			files = (
				D2C9444A2BB1344C00E1636D /* LinearChartView.swift in Sources */,
				D2C944372BB1019E00E1636D /* TabBarCustomView.swift in Sources */,
				D2C9443E2BB105BC00E1636D /* ItemEditor.swift in Sources */,
				D2C944312BB0FDB200E1636D /* ItemModel.swift in Sources */,
				D23602A42BAFBB5200D082F6 /* AdminBaoCaoAppApp.swift in Sources */,
				D2C9443C2BB1049F00E1636D /* ItemList.swift in Sources */,
				D2C944412BB11FB800E1636D /* ChartView.swift in Sources */,
				D2C944462BB1282B00E1636D /* PieChartView.swift in Sources */,
				D2C9443A2BB101D500E1636D /* ItemRow.swift in Sources */,
				D2C944352BB1009E00E1636D /* ItemData.swift in Sources */,
				D2C944332BB0FEC700E1636D /* ColorOption.swift in Sources */,
				D2C944482BB1338D00E1636D /* BarChartView.swift in Sources */,
			);
			runOnlyForDeploymentPostprocessing = 0;
		};
		D23602AE2BAFBB5500D082F6 /* Sources */ = {
			isa = PBXSourcesBuildPhase;
			buildActionMask = 2147483647;
			files = (
				D23602B72BAFBB5500D082F6 /* AdminBaoCaoAppTests.swift in Sources */,
			);
			runOnlyForDeploymentPostprocessing = 0;
		};
		D23602B82BAFBB5500D082F6 /* Sources */ = {
			isa = PBXSourcesBuildPhase;
			buildActionMask = 2147483647;
			files = (
				D23602C12BAFBB5500D082F6 /* AdminBaoCaoAppUITests.swift in Sources */,
				D23602C32BAFBB5500D082F6 /* AdminBaoCaoAppUITestsLaunchTests.swift in Sources */,
			);
			runOnlyForDeploymentPostprocessing = 0;
		};
/* End PBXSourcesBuildPhase section */

/* Begin PBXTargetDependency section */
		D23602B42BAFBB5500D082F6 /* PBXTargetDependency */ = {
			isa = PBXTargetDependency;
			target = D236029F2BAFBB5200D082F6 /* AdminBaoCaoApp */;
			targetProxy = D23602B32BAFBB5500D082F6 /* PBXContainerItemProxy */;
		};
		D23602BE2BAFBB5500D082F6 /* PBXTargetDependency */ = {
			isa = PBXTargetDependency;
			target = D236029F2BAFBB5200D082F6 /* AdminBaoCaoApp */;
			targetProxy = D23602BD2BAFBB5500D082F6 /* PBXContainerItemProxy */;
		};
/* End PBXTargetDependency section */

/* Begin XCBuildConfiguration section */
		D23602C42BAFBB5500D082F6 /* Debug */ = {
			isa = XCBuildConfiguration;
			buildSettings = {
				ALWAYS_SEARCH_USER_PATHS = NO;
				ASSETCATALOG_COMPILER_GENERATE_SWIFT_ASSET_SYMBOL_EXTENSIONS = YES;
				CLANG_ANALYZER_NONNULL = YES;
				CLANG_ANALYZER_NUMBER_OBJECT_CONVERSION = YES_AGGRESSIVE;
				CLANG_CXX_LANGUAGE_STANDARD = "gnu++20";
				CLANG_ENABLE_MODULES = YES;
				CLANG_ENABLE_OBJC_ARC = YES;
				CLANG_ENABLE_OBJC_WEAK = YES;
				CLANG_WARN_BLOCK_CAPTURE_AUTORELEASING = YES;
				CLANG_WARN_BOOL_CONVERSION = YES;
				CLANG_WARN_COMMA = YES;
				CLANG_WARN_CONSTANT_CONVERSION = YES;
				CLANG_WARN_DEPRECATED_OBJC_IMPLEMENTATIONS = YES;
				CLANG_WARN_DIRECT_OBJC_ISA_USAGE = YES_ERROR;
				CLANG_WARN_DOCUMENTATION_COMMENTS = YES;
				CLANG_WARN_EMPTY_BODY = YES;
				CLANG_WARN_ENUM_CONVERSION = YES;
				CLANG_WARN_INFINITE_RECURSION = YES;
				CLANG_WARN_INT_CONVERSION = YES;
				CLANG_WARN_NON_LITERAL_NULL_CONVERSION = YES;
				CLANG_WARN_OBJC_IMPLICIT_RETAIN_SELF = YES;
				CLANG_WARN_OBJC_LITERAL_CONVERSION = YES;
				CLANG_WARN_OBJC_ROOT_CLASS = YES_ERROR;
				CLANG_WARN_QUOTED_INCLUDE_IN_FRAMEWORK_HEADER = YES;
				CLANG_WARN_RANGE_LOOP_ANALYSIS = YES;
				CLANG_WARN_STRICT_PROTOTYPES = YES;
				CLANG_WARN_SUSPICIOUS_MOVE = YES;
				CLANG_WARN_UNGUARDED_AVAILABILITY = YES_AGGRESSIVE;
				CLANG_WARN_UNREACHABLE_CODE = YES;
				CLANG_WARN__DUPLICATE_METHOD_MATCH = YES;
				COPY_PHASE_STRIP = NO;
				DEBUG_INFORMATION_FORMAT = dwarf;
				ENABLE_STRICT_OBJC_MSGSEND = YES;
				ENABLE_TESTABILITY = YES;
				ENABLE_USER_SCRIPT_SANDBOXING = YES;
				GCC_C_LANGUAGE_STANDARD = gnu17;
				GCC_DYNAMIC_NO_PIC = NO;
				GCC_NO_COMMON_BLOCKS = YES;
				GCC_OPTIMIZATION_LEVEL = 0;
				GCC_PREPROCESSOR_DEFINITIONS = (
					"DEBUG=1",
					"$(inherited)",
				);
				GCC_WARN_64_TO_32_BIT_CONVERSION = YES;
				GCC_WARN_ABOUT_RETURN_TYPE = YES_ERROR;
				GCC_WARN_UNDECLARED_SELECTOR = YES;
				GCC_WARN_UNINITIALIZED_AUTOS = YES_AGGRESSIVE;
				GCC_WARN_UNUSED_FUNCTION = YES;
				GCC_WARN_UNUSED_VARIABLE = YES;
				IPHONEOS_DEPLOYMENT_TARGET = 17.4;
				LOCALIZATION_PREFERS_STRING_CATALOGS = YES;
				MTL_ENABLE_DEBUG_INFO = INCLUDE_SOURCE;
				MTL_FAST_MATH = YES;
				ONLY_ACTIVE_ARCH = YES;
				SDKROOT = iphoneos;
				SWIFT_ACTIVE_COMPILATION_CONDITIONS = "DEBUG $(inherited)";
				SWIFT_OPTIMIZATION_LEVEL = "-Onone";
			};
			name = Debug;
		};
		D23602C52BAFBB5500D082F6 /* Release */ = {
			isa = XCBuildConfiguration;
			buildSettings = {
				ALWAYS_SEARCH_USER_PATHS = NO;
				ASSETCATALOG_COMPILER_GENERATE_SWIFT_ASSET_SYMBOL_EXTENSIONS = YES;
				CLANG_ANALYZER_NONNULL = YES;
				CLANG_ANALYZER_NUMBER_OBJECT_CONVERSION = YES_AGGRESSIVE;
				CLANG_CXX_LANGUAGE_STANDARD = "gnu++20";
				CLANG_ENABLE_MODULES = YES;
				CLANG_ENABLE_OBJC_ARC = YES;
				CLANG_ENABLE_OBJC_WEAK = YES;
				CLANG_WARN_BLOCK_CAPTURE_AUTORELEASING = YES;
				CLANG_WARN_BOOL_CONVERSION = YES;
				CLANG_WARN_COMMA = YES;
				CLANG_WARN_CONSTANT_CONVERSION = YES;
				CLANG_WARN_DEPRECATED_OBJC_IMPLEMENTATIONS = YES;
				CLANG_WARN_DIRECT_OBJC_ISA_USAGE = YES_ERROR;
				CLANG_WARN_DOCUMENTATION_COMMENTS = YES;
				CLANG_WARN_EMPTY_BODY = YES;
				CLANG_WARN_ENUM_CONVERSION = YES;
				CLANG_WARN_INFINITE_RECURSION = YES;
				CLANG_WARN_INT_CONVERSION = YES;
				CLANG_WARN_NON_LITERAL_NULL_CONVERSION = YES;
				CLANG_WARN_OBJC_IMPLICIT_RETAIN_SELF = YES;
				CLANG_WARN_OBJC_LITERAL_CONVERSION = YES;
				CLANG_WARN_OBJC_ROOT_CLASS = YES_ERROR;
				CLANG_WARN_QUOTED_INCLUDE_IN_FRAMEWORK_HEADER = YES;
				CLANG_WARN_RANGE_LOOP_ANALYSIS = YES;
				CLANG_WARN_STRICT_PROTOTYPES = YES;
				CLANG_WARN_SUSPICIOUS_MOVE = YES;
				CLANG_WARN_UNGUARDED_AVAILABILITY = YES_AGGRESSIVE;
				CLANG_WARN_UNREACHABLE_CODE = YES;
				CLANG_WARN__DUPLICATE_METHOD_MATCH = YES;
				COPY_PHASE_STRIP = NO;
				DEBUG_INFORMATION_FORMAT = "dwarf-with-dsym";
				ENABLE_NS_ASSERTIONS = NO;
				ENABLE_STRICT_OBJC_MSGSEND = YES;
				ENABLE_USER_SCRIPT_SANDBOXING = YES;
				GCC_C_LANGUAGE_STANDARD = gnu17;
				GCC_NO_COMMON_BLOCKS = YES;
				GCC_WARN_64_TO_32_BIT_CONVERSION = YES;
				GCC_WARN_ABOUT_RETURN_TYPE = YES_ERROR;
				GCC_WARN_UNDECLARED_SELECTOR = YES;
				GCC_WARN_UNINITIALIZED_AUTOS = YES_AGGRESSIVE;
				GCC_WARN_UNUSED_FUNCTION = YES;
				GCC_WARN_UNUSED_VARIABLE = YES;
				IPHONEOS_DEPLOYMENT_TARGET = 17.4;
				LOCALIZATION_PREFERS_STRING_CATALOGS = YES;
				MTL_ENABLE_DEBUG_INFO = NO;
				MTL_FAST_MATH = YES;
				SDKROOT = iphoneos;
				SWIFT_COMPILATION_MODE = wholemodule;
				VALIDATE_PRODUCT = YES;
			};
			name = Release;
		};
		D23602C72BAFBB5500D082F6 /* Debug */ = {
			isa = XCBuildConfiguration;
			buildSettings = {
				ASSETCATALOG_COMPILER_APPICON_NAME = AppIcon;
				ASSETCATALOG_COMPILER_GLOBAL_ACCENT_COLOR_NAME = AccentColor;
				CODE_SIGN_STYLE = Automatic;
				CURRENT_PROJECT_VERSION = 1;
				DEVELOPMENT_ASSET_PATHS = "\"AdminBaoCaoApp/Preview Content\"";
				DEVELOPMENT_TEAM = YAH93RZF3C;
				ENABLE_PREVIEWS = YES;
				GENERATE_INFOPLIST_FILE = YES;
				INFOPLIST_KEY_UIApplicationSceneManifest_Generation = YES;
				INFOPLIST_KEY_UIApplicationSupportsIndirectInputEvents = YES;
				INFOPLIST_KEY_UILaunchScreen_Generation = YES;
				INFOPLIST_KEY_UISupportedInterfaceOrientations_iPad = "UIInterfaceOrientationPortrait UIInterfaceOrientationPortraitUpsideDown UIInterfaceOrientationLandscapeLeft UIInterfaceOrientationLandscapeRight";
				INFOPLIST_KEY_UISupportedInterfaceOrientations_iPhone = "UIInterfaceOrientationPortrait UIInterfaceOrientationLandscapeLeft UIInterfaceOrientationLandscapeRight";
				LD_RUNPATH_SEARCH_PATHS = (
					"$(inherited)",
					"@executable_path/Frameworks",
				);
				MARKETING_VERSION = 1.0;
				PRODUCT_BUNDLE_IDENTIFIER = test.AdminBaoCaoApp;
				PRODUCT_NAME = "$(TARGET_NAME)";
				SWIFT_EMIT_LOC_STRINGS = YES;
				SWIFT_VERSION = 5.0;
				TARGETED_DEVICE_FAMILY = "1,2";
			};
			name = Debug;
		};
		D23602C82BAFBB5500D082F6 /* Release */ = {
			isa = XCBuildConfiguration;
			buildSettings = {
				ASSETCATALOG_COMPILER_APPICON_NAME = AppIcon;
				ASSETCATALOG_COMPILER_GLOBAL_ACCENT_COLOR_NAME = AccentColor;
				CODE_SIGN_STYLE = Automatic;
				CURRENT_PROJECT_VERSION = 1;
				DEVELOPMENT_ASSET_PATHS = "\"AdminBaoCaoApp/Preview Content\"";
				DEVELOPMENT_TEAM = YAH93RZF3C;
				ENABLE_PREVIEWS = YES;
				GENERATE_INFOPLIST_FILE = YES;
				INFOPLIST_KEY_UIApplicationSceneManifest_Generation = YES;
				INFOPLIST_KEY_UIApplicationSupportsIndirectInputEvents = YES;
				INFOPLIST_KEY_UILaunchScreen_Generation = YES;
				INFOPLIST_KEY_UISupportedInterfaceOrientations_iPad = "UIInterfaceOrientationPortrait UIInterfaceOrientationPortraitUpsideDown UIInterfaceOrientationLandscapeLeft UIInterfaceOrientationLandscapeRight";
				INFOPLIST_KEY_UISupportedInterfaceOrientations_iPhone = "UIInterfaceOrientationPortrait UIInterfaceOrientationLandscapeLeft UIInterfaceOrientationLandscapeRight";
				LD_RUNPATH_SEARCH_PATHS = (
					"$(inherited)",
					"@executable_path/Frameworks",
				);
				MARKETING_VERSION = 1.0;
				PRODUCT_BUNDLE_IDENTIFIER = test.AdminBaoCaoApp;
				PRODUCT_NAME = "$(TARGET_NAME)";
				SWIFT_EMIT_LOC_STRINGS = YES;
				SWIFT_VERSION = 5.0;
				TARGETED_DEVICE_FAMILY = "1,2";
			};
			name = Release;
		};
		D23602CA2BAFBB5500D082F6 /* Debug */ = {
			isa = XCBuildConfiguration;
			buildSettings = {
				ALWAYS_EMBED_SWIFT_STANDARD_LIBRARIES = YES;
				BUNDLE_LOADER = "$(TEST_HOST)";
				CODE_SIGN_STYLE = Automatic;
				CURRENT_PROJECT_VERSION = 1;
				DEVELOPMENT_TEAM = YAH93RZF3C;
				GENERATE_INFOPLIST_FILE = YES;
				IPHONEOS_DEPLOYMENT_TARGET = 17.4;
				MARKETING_VERSION = 1.0;
				PRODUCT_BUNDLE_IDENTIFIER = test.AdminBaoCaoAppTests;
				PRODUCT_NAME = "$(TARGET_NAME)";
				SWIFT_EMIT_LOC_STRINGS = NO;
				SWIFT_VERSION = 5.0;
				TARGETED_DEVICE_FAMILY = "1,2";
				TEST_HOST = "$(BUILT_PRODUCTS_DIR)/AdminBaoCaoApp.app/$(BUNDLE_EXECUTABLE_FOLDER_PATH)/AdminBaoCaoApp";
			};
			name = Debug;
		};
		D23602CB2BAFBB5500D082F6 /* Release */ = {
			isa = XCBuildConfiguration;
			buildSettings = {
				ALWAYS_EMBED_SWIFT_STANDARD_LIBRARIES = YES;
				BUNDLE_LOADER = "$(TEST_HOST)";
				CODE_SIGN_STYLE = Automatic;
				CURRENT_PROJECT_VERSION = 1;
				DEVELOPMENT_TEAM = YAH93RZF3C;
				GENERATE_INFOPLIST_FILE = YES;
				IPHONEOS_DEPLOYMENT_TARGET = 17.4;
				MARKETING_VERSION = 1.0;
				PRODUCT_BUNDLE_IDENTIFIER = test.AdminBaoCaoAppTests;
				PRODUCT_NAME = "$(TARGET_NAME)";
				SWIFT_EMIT_LOC_STRINGS = NO;
				SWIFT_VERSION = 5.0;
				TARGETED_DEVICE_FAMILY = "1,2";
				TEST_HOST = "$(BUILT_PRODUCTS_DIR)/AdminBaoCaoApp.app/$(BUNDLE_EXECUTABLE_FOLDER_PATH)/AdminBaoCaoApp";
			};
			name = Release;
		};
		D23602CD2BAFBB5500D082F6 /* Debug */ = {
			isa = XCBuildConfiguration;
			buildSettings = {
				ALWAYS_EMBED_SWIFT_STANDARD_LIBRARIES = YES;
				CODE_SIGN_STYLE = Automatic;
				CURRENT_PROJECT_VERSION = 1;
				DEVELOPMENT_TEAM = YAH93RZF3C;
				GENERATE_INFOPLIST_FILE = YES;
				MARKETING_VERSION = 1.0;
				PRODUCT_BUNDLE_IDENTIFIER = test.AdminBaoCaoAppUITests;
				PRODUCT_NAME = "$(TARGET_NAME)";
				SWIFT_EMIT_LOC_STRINGS = NO;
				SWIFT_VERSION = 5.0;
				TARGETED_DEVICE_FAMILY = "1,2";
				TEST_TARGET_NAME = AdminBaoCaoApp;
			};
			name = Debug;
		};
		D23602CE2BAFBB5500D082F6 /* Release */ = {
			isa = XCBuildConfiguration;
			buildSettings = {
				ALWAYS_EMBED_SWIFT_STANDARD_LIBRARIES = YES;
				CODE_SIGN_STYLE = Automatic;
				CURRENT_PROJECT_VERSION = 1;
				DEVELOPMENT_TEAM = YAH93RZF3C;
				GENERATE_INFOPLIST_FILE = YES;
				MARKETING_VERSION = 1.0;
				PRODUCT_BUNDLE_IDENTIFIER = test.AdminBaoCaoAppUITests;
				PRODUCT_NAME = "$(TARGET_NAME)";
				SWIFT_EMIT_LOC_STRINGS = NO;
				SWIFT_VERSION = 5.0;
				TARGETED_DEVICE_FAMILY = "1,2";
				TEST_TARGET_NAME = AdminBaoCaoApp;
			};
			name = Release;
		};
/* End XCBuildConfiguration section */

/* Begin XCConfigurationList section */
		D236029B2BAFBB5200D082F6 /* Build configuration list for PBXProject "AdminBaoCaoApp" */ = {
			isa = XCConfigurationList;
			buildConfigurations = (
				D23602C42BAFBB5500D082F6 /* Debug */,
				D23602C52BAFBB5500D082F6 /* Release */,
			);
			defaultConfigurationIsVisible = 0;
			defaultConfigurationName = Release;
		};
		D23602C62BAFBB5500D082F6 /* Build configuration list for PBXNativeTarget "AdminBaoCaoApp" */ = {
			isa = XCConfigurationList;
			buildConfigurations = (
				D23602C72BAFBB5500D082F6 /* Debug */,
				D23602C82BAFBB5500D082F6 /* Release */,
			);
			defaultConfigurationIsVisible = 0;
			defaultConfigurationName = Release;
		};
		D23602C92BAFBB5500D082F6 /* Build configuration list for PBXNativeTarget "AdminBaoCaoAppTests" */ = {
			isa = XCConfigurationList;
			buildConfigurations = (
				D23602CA2BAFBB5500D082F6 /* Debug */,
				D23602CB2BAFBB5500D082F6 /* Release */,
			);
			defaultConfigurationIsVisible = 0;
			defaultConfigurationName = Release;
		};
		D23602CC2BAFBB5500D082F6 /* Build configuration list for PBXNativeTarget "AdminBaoCaoAppUITests" */ = {
			isa = XCConfigurationList;
			buildConfigurations = (
				D23602CD2BAFBB5500D082F6 /* Debug */,
				D23602CE2BAFBB5500D082F6 /* Release */,
			);
			defaultConfigurationIsVisible = 0;
			defaultConfigurationName = Release;
		};
/* End XCConfigurationList section */
	};
	rootObject = D23602982BAFBB5200D082F6 /* Project object */;
}
